
Microsoft Visual Studio Solution File, Format Version 12.00
Project("{FAE04EC0-301F-11D3-BF4B-00C04F79EFBC}") = "SportReservation", "SportReservation\SportReservation.csproj", "{1C9CCD0E-6D47-4D88-8AAD-70DAE93E974E}"
EndProject
Project("{2150E333-8FDC-42A3-9474-1A3956D46DE8}") = "Solution Items", "Solution Items", "{C348945A-5070-427B-B548-7F85D8CA3760}"
	ProjectSection(SolutionItems) = preProject
		compose.yaml = compose.yaml
	EndProjectSection
EndProject
Project("{FAE04EC0-301F-11D3-BF4B-00C04F79EFBC}") = "SportReservationTests", "SportReservationTests\SportReservationTests.csproj", "{76221FDA-8766-4CC4-B527-CE391EDBBFD8}"
EndProject
Global
	GlobalSection(SolutionConfigurationPlatforms) = preSolution
		Debug|Any CPU = Debug|Any CPU
		Release|Any CPU = Release|Any CPU
	EndGlobalSection
	GlobalSection(ProjectConfigurationPlatforms) = postSolution
		{76221FDA-8766-4CC4-B527-CE391EDBBFD8}.Debug|Any CPU.ActiveCfg = Debug|Any CPU
		{76221FDA-8766-4CC4-B527-CE391EDBBFD8}.Debug|Any CPU.Build.0 = Debug|Any CPU
		{76221FDA-8766-4CC4-B527-CE391EDBBFD8}.Release|Any CPU.ActiveCfg = Release|Any CPU
		{76221FDA-8766-4CC4-B527-CE391EDBBFD8}.Release|Any CPU.Build.0 = Release|Any CPU
		{1C9CCD0E-6D47-4D88-8AAD-70DAE93E974E}.Debug|Any CPU.ActiveCfg = Debug|Any CPU
		{1C9CCD0E-6D47-4D88-8AAD-70DAE93E974E}.Debug|Any CPU.Build.0 = Debug|Any CPU
	EndGlobalSection
EndGlobal
